
Microsoft Visual Studio Solution File, Format Version 12.00
# Visual Studio Version 17
VisualStudioVersion = 17.11.35222.181
MinimumVisualStudioVersion = 10.0.40219.1
Project("{FAE04EC0-301F-11D3-BF4B-00C04F79EFBC}") = "E-CommerceAPI", "E-CommerceAPI\E-CommerceAPI.csproj", "{88DDD8E8-6CE0-4C1D-BEF6-FC750A13053D}"
EndProject
Global
	GlobalSection(SolutionConfigurationPlatforms) = preSolution
		Debug|Any CPU = Debug|Any CPU
		Release|Any CPU = Release|Any CPU
	EndGlobalSection
	GlobalSection(ProjectConfigurationPlatforms) = postSolution
		{88DDD8E8-6CE0-4C1D-BEF6-FC750A13053D}.Debug|Any CPU.ActiveCfg = Debug|Any CPU
		{88DDD8E8-6CE0-4C1D-BEF6-FC750A13053D}.Debug|Any CPU.Build.0 = Debug|Any CPU
		{88DDD8E8-6CE0-4C1D-BEF6-FC750A13053D}.Release|Any CPU.ActiveCfg = Release|Any CPU
		{88DDD8E8-6CE0-4C1D-BEF6-FC750A13053D}.Release|Any CPU.Build.0 = Release|Any CPU
	EndGlobalSection
	GlobalSection(SolutionProperties) = preSolution
		HideSolutionNode = FALSE
	EndGlobalSection
	GlobalSection(ExtensibilityGlobals) = postSolution
		SolutionGuid = {3E13BFBF-D512-4F71-BE4B-DBF2A3B6E9D6}
	EndGlobalSection
EndGlobal
